github.com/CaiJimmy/hugo-theme-stack/v3 v3.25.0 h1:pI9uan8QVhmjtJZBQcgRDBU/5J29yquL315hvlWwfEc=
github.com/CaiJimmy/hugo-theme-stack/v3 v3.25.0/go.mod h1:IPmCXiIxlFSLFYS0tOmYP6ySLviyeNVSabyvSuaxD+I=
github.com/CaiJimmy/hugo-theme-stack/v3 v3.26.0 h1:kLZSTvo+E3S2YWw59DjXWtKLNbw3JaL7Z+VAjcegqa0=
github.com/CaiJimmy/hugo-theme-stack/v3 v3.26.0/go.mod h1:IPmCXiIxlFSLFYS0tOmYP6ySLviyeNVSabyvSuaxD+I=
github.com/CaiJimmy/hugo-theme-stack/v3 v3.27.0 h1:wVAa/ZimTOkFy/mODH5RXS3R3mlgfAXaDTYs7GccJUw=
github.com/CaiJimmy/hugo-theme-stack/v3 v3.27.0/go.mod h1:IPmCXiIxlFSLFYS0tOmYP6ySLviyeNVSabyvSuaxD+I=
github.com/CaiJimmy/hugo-theme-stack/v3 v3.28.0 h1:2kzxfqdSOQatb1qrNntt2GfSc4HQJJRF2bW+1h52/QA=
github.com/CaiJimmy/hugo-theme-stack/v3 v3.28.0/go.mod h1:IPmCXiIxlFSLFYS0tOmYP6ySLviyeNVSabyvSuaxD+I=
github.com/CaiJimmy/hugo-theme-stack/v3 v3.29.0 h1:6Ahvbvlyi0HrstfDt2yk6BfcAEnW107lWOUjPjD/ye4=
github.com/CaiJimmy/hugo-theme-stack/v3 v3.29.0/go.mod h1:IPmCXiIxlFSLFYS0tOmYP6ySLviyeNVSabyvSuaxD+I=
github.com/CaiJimmy/hugo-theme-stack/v3 v3.34.2 h1:DHqOCcwrbM7H194OIXuW4D4TekNN8fn+rLWLs3ofaFQ=
github.com/CaiJimmy/hugo-theme-stack/v3 v3.34.2/go.mod h1:IPmCXiIxlFSLFYS0tOmYP6ySLviyeNVSabyvSuaxD+I=
